
Microsoft Visual Studio Solution File, Format Version 12.00
# Visual Studio Version 16
VisualStudioVersion = 16.0.29613.14
MinimumVisualStudioVersion = 10.0.40219.1
Project("{FAE04EC0-301F-11D3-BF4B-00C04F79EFBC}") = "Deligates", "Deligates\Deligates.csproj", "{B8ECC63E-D0CD-4A26-A59B-861CAF38AA13}"
EndProject
Global
	GlobalSection(SolutionConfigurationPlatforms) = preSolution
		Debug|Any CPU = Debug|Any CPU
		Release|Any CPU = Release|Any CPU
	EndGlobalSection
	GlobalSection(ProjectConfigurationPlatforms) = postSolution
		{B8ECC63E-D0CD-4A26-A59B-861CAF38AA13}.Debug|Any CPU.ActiveCfg = Debug|Any CPU
		{B8ECC63E-D0CD-4A26-A59B-861CAF38AA13}.Debug|Any CPU.Build.0 = Debug|Any CPU
		{B8ECC63E-D0CD-4A26-A59B-861CAF38AA13}.Release|Any CPU.ActiveCfg = Release|Any CPU
		{B8ECC63E-D0CD-4A26-A59B-861CAF38AA13}.Release|Any CPU.Build.0 = Release|Any CPU
	EndGlobalSection
	GlobalSection(SolutionProperties) = preSolution
		HideSolutionNode = FALSE
	EndGlobalSection
	GlobalSection(ExtensibilityGlobals) = postSolution
		SolutionGuid = {E65C33DC-6196-4D1D-8701-FBC73D71C9F4}
	EndGlobalSection
EndGlobal
